
Microsoft Visual Studio Solution File, Format Version 12.00
# Visual Studio 14
VisualStudioVersion = 14.0.25420.1
MinimumVisualStudioVersion = 10.0.40219.1
Project("{FAE04EC0-301F-11D3-BF4B-00C04F79EFBC}") = "OruPrognozuotojas", "OruPrognozuotojas.csproj", "{47AFCD72-2141-422D-BE50-30180FC46A52}"
EndProject
Project("{FAE04EC0-301F-11D3-BF4B-00C04F79EFBC}") = "OruPrognozuotojas.Database", "..\OruPrognozuotojas.Database\OruPrognozuotojas.Database.csproj", "{3E0E5532-2F50-4F51-8559-BE52C3222A99}"
EndProject
Global
	GlobalSection(SolutionConfigurationPlatforms) = preSolution
		Debug|Any CPU = Debug|Any CPU
		Release|Any CPU = Release|Any CPU
	EndGlobalSection
	GlobalSection(ProjectConfigurationPlatforms) = postSolution
		{47AFCD72-2141-422D-BE50-30180FC46A52}.Debug|Any CPU.ActiveCfg = Debug|Any CPU
		{47AFCD72-2141-422D-BE50-30180FC46A52}.Debug|Any CPU.Build.0 = Debug|Any CPU
		{47AFCD72-2141-422D-BE50-30180FC46A52}.Release|Any CPU.ActiveCfg = Release|Any CPU
		{47AFCD72-2141-422D-BE50-30180FC46A52}.Release|Any CPU.Build.0 = Release|Any CPU
		{3E0E5532-2F50-4F51-8559-BE52C3222A99}.Debug|Any CPU.ActiveCfg = Debug|Any CPU
		{3E0E5532-2F50-4F51-8559-BE52C3222A99}.Debug|Any CPU.Build.0 = Debug|Any CPU
		{3E0E5532-2F50-4F51-8559-BE52C3222A99}.Release|Any CPU.ActiveCfg = Release|Any CPU
		{3E0E5532-2F50-4F51-8559-BE52C3222A99}.Release|Any CPU.Build.0 = Release|Any CPU
	EndGlobalSection
	GlobalSection(SolutionProperties) = preSolution
		HideSolutionNode = FALSE
	EndGlobalSection
EndGlobal
